
Microsoft Visual Studio Solution File, Format Version 12.00
# Visual Studio Version 16
VisualStudioVersion = 16.0.31019.35
MinimumVisualStudioVersion = 10.0.40219.1
Project("{9A19103F-16F7-4668-BE54-9A1E7A4F7556}") = "SendIt.Demo", "SendIt.Demo\SendIt.Demo.csproj", "{07F68E8D-6DF2-4286-900D-F74DC0A0EC2C}"
EndProject
Project("{9A19103F-16F7-4668-BE54-9A1E7A4F7556}") = "SendIt", "SendIt\SendIt.csproj", "{8D38F9DD-E364-4822-8126-D44266BB63EA}"
EndProject
Project("{2150E333-8FDC-42A3-9474-1A3956D46DE8}") = "Solution Items", "Solution Items", "{FF066A17-32BB-4ADC-B844-1DC1DC7B0196}"
EndProject
Project("{FAE04EC0-301F-11D3-BF4B-00C04F79EFBC}") = "SendIt.Tests", "SendIt.Tests\SendIt.Tests.csproj", "{FC607777-5333-49A2-9D5A-8933261C1E69}"
EndProject
Global
	GlobalSection(SolutionConfigurationPlatforms) = preSolution
		Debug|Any CPU = Debug|Any CPU
		Release|Any CPU = Release|Any CPU
	EndGlobalSection
	GlobalSection(ProjectConfigurationPlatforms) = postSolution
		{07F68E8D-6DF2-4286-900D-F74DC0A0EC2C}.Debug|Any CPU.ActiveCfg = Debug|Any CPU
		{07F68E8D-6DF2-4286-900D-F74DC0A0EC2C}.Debug|Any CPU.Build.0 = Debug|Any CPU
		{07F68E8D-6DF2-4286-900D-F74DC0A0EC2C}.Release|Any CPU.ActiveCfg = Release|Any CPU
		{07F68E8D-6DF2-4286-900D-F74DC0A0EC2C}.Release|Any CPU.Build.0 = Release|Any CPU
		{8D38F9DD-E364-4822-8126-D44266BB63EA}.Debug|Any CPU.ActiveCfg = Debug|Any CPU
		{8D38F9DD-E364-4822-8126-D44266BB63EA}.Debug|Any CPU.Build.0 = Debug|Any CPU
		{8D38F9DD-E364-4822-8126-D44266BB63EA}.Release|Any CPU.ActiveCfg = Release|Any CPU
		{8D38F9DD-E364-4822-8126-D44266BB63EA}.Release|Any CPU.Build.0 = Release|Any CPU
		{FC607777-5333-49A2-9D5A-8933261C1E69}.Debug|Any CPU.ActiveCfg = Debug|Any CPU
		{FC607777-5333-49A2-9D5A-8933261C1E69}.Debug|Any CPU.Build.0 = Debug|Any CPU
		{FC607777-5333-49A2-9D5A-8933261C1E69}.Release|Any CPU.ActiveCfg = Release|Any CPU
		{FC607777-5333-49A2-9D5A-8933261C1E69}.Release|Any CPU.Build.0 = Release|Any CPU
	EndGlobalSection
	GlobalSection(SolutionProperties) = preSolution
		HideSolutionNode = FALSE
	EndGlobalSection
	GlobalSection(ExtensibilityGlobals) = postSolution
		SolutionGuid = {B0C28720-2BEA-4A13-8FE4-CC0A02209DFB}
	EndGlobalSection
EndGlobal
